
Microsoft Visual Studio Solution File, Format Version 12.00
# Visual Studio 15
VisualStudioVersion = 15.0.28307.1082
MinimumVisualStudioVersion = 10.0.40219.1
Project("{8BC9CEB8-8B4A-11D0-8D11-00A0C91BC942}") = "IntroductionToOOP", "IntroductionToOOP\IntroductionToOOP.vcxproj", "{FE8BFAD0-5189-45D8-8238-43660FE65EAB}"
EndProject
Project("{8BC9CEB8-8B4A-11D0-8D11-00A0C91BC942}") = "Fraction", "Fraction\Fraction.vcxproj", "{31D92A81-9028-47A3-A968-6BB6398EEFD4}"
EndProject
Project("{8BC9CEB8-8B4A-11D0-8D11-00A0C91BC942}") = "HomeWork", "HomeWork\HomeWork.vcxproj", "{2C78BF22-16C8-4406-9D1F-87884D77AC86}"
EndProject
Project("{8BC9CEB8-8B4A-11D0-8D11-00A0C91BC942}") = "String", "String\String.vcxproj", "{4AA0FCED-75FA-43E1-86AB-BD19B5C84751}"
EndProject
Global
	GlobalSection(SolutionConfigurationPlatforms) = preSolution
		Debug|x64 = Debug|x64
		Debug|x86 = Debug|x86
		Release|x64 = Release|x64
		Release|x86 = Release|x86
	EndGlobalSection
	GlobalSection(ProjectConfigurationPlatforms) = postSolution
		{FE8BFAD0-5189-45D8-8238-43660FE65EAB}.Debug|x64.ActiveCfg = Debug|x64
		{FE8BFAD0-5189-45D8-8238-43660FE65EAB}.Debug|x64.Build.0 = Debug|x64
		{FE8BFAD0-5189-45D8-8238-43660FE65EAB}.Debug|x86.ActiveCfg = Debug|Win32
		{FE8BFAD0-5189-45D8-8238-43660FE65EAB}.Debug|x86.Build.0 = Debug|Win32
		{FE8BFAD0-5189-45D8-8238-43660FE65EAB}.Release|x64.ActiveCfg = Release|x64
		{FE8BFAD0-5189-45D8-8238-43660FE65EAB}.Release|x64.Build.0 = Release|x64
		{FE8BFAD0-5189-45D8-8238-43660FE65EAB}.Release|x86.ActiveCfg = Release|Win32
		{FE8BFAD0-5189-45D8-8238-43660FE65EAB}.Release|x86.Build.0 = Release|Win32
		{31D92A81-9028-47A3-A968-6BB6398EEFD4}.Debug|x64.ActiveCfg = Debug|x64
		{31D92A81-9028-47A3-A968-6BB6398EEFD4}.Debug|x64.Build.0 = Debug|x64
		{31D92A81-9028-47A3-A968-6BB6398EEFD4}.Debug|x86.ActiveCfg = Debug|Win32
		{31D92A81-9028-47A3-A968-6BB6398EEFD4}.Debug|x86.Build.0 = Debug|Win32
		{31D92A81-9028-47A3-A968-6BB6398EEFD4}.Release|x64.ActiveCfg = Release|x64
		{31D92A81-9028-47A3-A968-6BB6398EEFD4}.Release|x64.Build.0 = Release|x64
		{31D92A81-9028-47A3-A968-6BB6398EEFD4}.Release|x86.ActiveCfg = Release|Win32
		{31D92A81-9028-47A3-A968-6BB6398EEFD4}.Release|x86.Build.0 = Release|Win32
		{2C78BF22-16C8-4406-9D1F-87884D77AC86}.Debug|x64.ActiveCfg = Debug|x64
		{2C78BF22-16C8-4406-9D1F-87884D77AC86}.Debug|x64.Build.0 = Debug|x64
		{2C78BF22-16C8-4406-9D1F-87884D77AC86}.Debug|x86.ActiveCfg = Debug|Win32
		{2C78BF22-16C8-4406-9D1F-87884D77AC86}.Debug|x86.Build.0 = Debug|Win32
		{2C78BF22-16C8-4406-9D1F-87884D77AC86}.Release|x64.ActiveCfg = Release|x64
		{2C78BF22-16C8-4406-9D1F-87884D77AC86}.Release|x64.Build.0 = Release|x64
		{2C78BF22-16C8-4406-9D1F-87884D77AC86}.Release|x86.ActiveCfg = Release|Win32
		{2C78BF22-16C8-4406-9D1F-87884D77AC86}.Release|x86.Build.0 = Release|Win32
		{4AA0FCED-75FA-43E1-86AB-BD19B5C84751}.Debug|x64.ActiveCfg = Debug|x64
		{4AA0FCED-75FA-43E1-86AB-BD19B5C84751}.Debug|x64.Build.0 = Debug|x64
		{4AA0FCED-75FA-43E1-86AB-BD19B5C84751}.Debug|x86.ActiveCfg = Debug|Win32
		{4AA0FCED-75FA-43E1-86AB-BD19B5C84751}.Debug|x86.Build.0 = Debug|Win32
		{4AA0FCED-75FA-43E1-86AB-BD19B5C84751}.Release|x64.ActiveCfg = Release|x64
		{4AA0FCED-75FA-43E1-86AB-BD19B5C84751}.Release|x64.Build.0 = Release|x64
		{4AA0FCED-75FA-43E1-86AB-BD19B5C84751}.Release|x86.ActiveCfg = Release|Win32
		{4AA0FCED-75FA-43E1-86AB-BD19B5C84751}.Release|x86.Build.0 = Release|Win32
	EndGlobalSection
	GlobalSection(SolutionProperties) = preSolution
		HideSolutionNode = FALSE
	EndGlobalSection
	GlobalSection(ExtensibilityGlobals) = postSolution
		SolutionGuid = {F1F6D125-D2DB-4B00-A39E-478ED9E7B587}
	EndGlobalSection
EndGlobal
