
Microsoft Visual Studio Solution File, Format Version 12.00
# Visual Studio 15
VisualStudioVersion = 15.0.28307.1082
MinimumVisualStudioVersion = 10.0.40219.1
Project("{8BC9CEB8-8B4A-11D0-8D11-00A0C91BC942}") = "UML", "UML\UML.vcxproj", "{E3E574FA-D5DB-4724-9B23-EAF0318E92F6}"
EndProject
Project("{8BC9CEB8-8B4A-11D0-8D11-00A0C91BC942}") = "ConstructACar", "ConstructACar\ConstructACar.vcxproj", "{5A9FA81A-91B8-43E7-A7CE-A4F31239B2E2}"
EndProject
Project("{8BC9CEB8-8B4A-11D0-8D11-00A0C91BC942}") = "Threads", "Threads\Threads.vcxproj", "{225E2CF9-5C55-42A6-B9BF-63A9BF57F9C8}"
EndProject
Global
	GlobalSection(SolutionConfigurationPlatforms) = preSolution
		Debug|x64 = Debug|x64
		Debug|x86 = Debug|x86
		Release|x64 = Release|x64
		Release|x86 = Release|x86
	EndGlobalSection
	GlobalSection(ProjectConfigurationPlatforms) = postSolution
		{E3E574FA-D5DB-4724-9B23-EAF0318E92F6}.Debug|x64.ActiveCfg = Debug|x64
		{E3E574FA-D5DB-4724-9B23-EAF0318E92F6}.Debug|x64.Build.0 = Debug|x64
		{E3E574FA-D5DB-4724-9B23-EAF0318E92F6}.Debug|x86.ActiveCfg = Debug|Win32
		{E3E574FA-D5DB-4724-9B23-EAF0318E92F6}.Debug|x86.Build.0 = Debug|Win32
		{E3E574FA-D5DB-4724-9B23-EAF0318E92F6}.Release|x64.ActiveCfg = Release|x64
		{E3E574FA-D5DB-4724-9B23-EAF0318E92F6}.Release|x64.Build.0 = Release|x64
		{E3E574FA-D5DB-4724-9B23-EAF0318E92F6}.Release|x86.ActiveCfg = Release|Win32
		{E3E574FA-D5DB-4724-9B23-EAF0318E92F6}.Release|x86.Build.0 = Release|Win32
		{5A9FA81A-91B8-43E7-A7CE-A4F31239B2E2}.Debug|x64.ActiveCfg = Debug|x64
		{5A9FA81A-91B8-43E7-A7CE-A4F31239B2E2}.Debug|x64.Build.0 = Debug|x64
		{5A9FA81A-91B8-43E7-A7CE-A4F31239B2E2}.Debug|x86.ActiveCfg = Debug|Win32
		{5A9FA81A-91B8-43E7-A7CE-A4F31239B2E2}.Debug|x86.Build.0 = Debug|Win32
		{5A9FA81A-91B8-43E7-A7CE-A4F31239B2E2}.Release|x64.ActiveCfg = Release|x64
		{5A9FA81A-91B8-43E7-A7CE-A4F31239B2E2}.Release|x64.Build.0 = Release|x64
		{5A9FA81A-91B8-43E7-A7CE-A4F31239B2E2}.Release|x86.ActiveCfg = Release|Win32
		{5A9FA81A-91B8-43E7-A7CE-A4F31239B2E2}.Release|x86.Build.0 = Release|Win32
		{225E2CF9-5C55-42A6-B9BF-63A9BF57F9C8}.Debug|x64.ActiveCfg = Debug|x64
		{225E2CF9-5C55-42A6-B9BF-63A9BF57F9C8}.Debug|x64.Build.0 = Debug|x64
		{225E2CF9-5C55-42A6-B9BF-63A9BF57F9C8}.Debug|x86.ActiveCfg = Debug|Win32
		{225E2CF9-5C55-42A6-B9BF-63A9BF57F9C8}.Debug|x86.Build.0 = Debug|Win32
		{225E2CF9-5C55-42A6-B9BF-63A9BF57F9C8}.Release|x64.ActiveCfg = Release|x64
		{225E2CF9-5C55-42A6-B9BF-63A9BF57F9C8}.Release|x64.Build.0 = Release|x64
		{225E2CF9-5C55-42A6-B9BF-63A9BF57F9C8}.Release|x86.ActiveCfg = Release|Win32
		{225E2CF9-5C55-42A6-B9BF-63A9BF57F9C8}.Release|x86.Build.0 = Release|Win32
	EndGlobalSection
	GlobalSection(SolutionProperties) = preSolution
		HideSolutionNode = FALSE
	EndGlobalSection
	GlobalSection(ExtensibilityGlobals) = postSolution
		SolutionGuid = {4CF75AFF-5903-457A-9F4C-3A32B4807D32}
	EndGlobalSection
EndGlobal
